// !$*UTF8*$!
{
	archiveVersion = 1;
	classes = {
	};
	objectVersion = 46;
	objects = {

/* Begin PBXBuildFile section */
		1E3458A41E438C3A0061BDE6 /* StringController.cpp in Sources */ = {isa = PBXBuildFile; fileRef = 1E3458A21E438C3A0061BDE6 /* StringController.cpp */; };
		1E3458A61E438C4B0061BDE6 /* StringRunner.cpp in Sources */ = {isa = PBXBuildFile; fileRef = 1E3458A51E438C4B0061BDE6 /* StringRunner.cpp */; };
/* End PBXBuildFile section */

/* Begin PBXCopyFilesBuildPhase section */
		1E3458911E438B700061BDE6 /* CopyFiles */ = {
			isa = PBXCopyFilesBuildPhase;
			buildActionMask = 2147483647;
			dstPath = /usr/share/man/man1/;
			dstSubfolderSpec = 0;
			files = (
			);
			runOnlyForDeploymentPostprocessing = 1;
		};
/* End PBXCopyFilesBuildPhase section */

/* Begin PBXFileReference section */
		1E3458931E438B710061BDE6 /* funWithStrings */ = {isa = PBXFileReference; explicitFileType = "compiled.mach-o.executable"; includeInIndex = 0; path = funWithStrings; sourceTree = BUILT_PRODUCTS_DIR; };
		1E3458A21E438C3A0061BDE6 /* StringController.cpp */ = {isa = PBXFileReference; fileEncoding = 4; lastKnownFileType = sourcecode.cpp.cpp; path = StringController.cpp; sourceTree = "<group>"; };
		1E3458A31E438C3A0061BDE6 /* StringController.hpp */ = {isa = PBXFileReference; fileEncoding = 4; lastKnownFileType = sourcecode.cpp.h; path = StringController.hpp; sourceTree = "<group>"; };
		1E3458A51E438C4B0061BDE6 /* StringRunner.cpp */ = {isa = PBXFileReference; fileEncoding = 4; lastKnownFileType = sourcecode.cpp.cpp; path = StringRunner.cpp; sourceTree = "<group>"; };
/* End PBXFileReference section */

/* Begin PBXFrameworksBuildPhase section */
		1E3458901E438B700061BDE6 /* Frameworks */ = {
			isa = PBXFrameworksBuildPhase;
			buildActionMask = 2147483647;
			files = (
			);
			runOnlyForDeploymentPostprocessing = 0;
		};
/* End PBXFrameworksBuildPhase section */

/* Begin PBXGroup section */
		1E34588A1E438B700061BDE6 = {
			isa = PBXGroup;
			children = (
				1E3458951E438B710061BDE6 /* funWithStrings */,
				1E3458941E438B710061BDE6 /* Products */,
			);
			sourceTree = "<group>";
		};
		1E3458941E438B710061BDE6 /* Products */ = {
			isa = PBXGroup;
			children = (
				1E3458931E438B710061BDE6 /* funWithStrings */,
			);
			name = Products;
			sourceTree = "<group>";
		};
		1E3458951E438B710061BDE6 /* funWithStrings */ = {
			isa = PBXGroup;
			children = (
				1E3458A71E438C840061BDE6 /* Controller */,
			);
			path = funWithStrings;
			sourceTree = "<group>";
		};
		1E3458A71E438C840061BDE6 /* Controller */ = {
			isa = PBXGroup;
			children = (
				1E3458A21E438C3A0061BDE6 /* StringController.cpp */,
				1E3458A31E438C3A0061BDE6 /* StringController.hpp */,
				1E3458A51E438C4B0061BDE6 /* StringRunner.cpp */,
			);
			name = Controller;
			sourceTree = "<group>";
		};
/* End PBXGroup section */

/* Begin PBXNativeTarget section */
		1E3458921E438B700061BDE6 /* funWithStrings */ = {
			isa = PBXNativeTarget;
			buildConfigurationList = 1E34589A1E438B710061BDE6 /* Build configuration list for PBXNativeTarget "funWithStrings" */;
			buildPhases = (
				1E34588F1E438B700061BDE6 /* Sources */,
				1E3458901E438B700061BDE6 /* Frameworks */,
				1E3458911E438B700061BDE6 /* CopyFiles */,
			);
			buildRules = (
			);
			dependencies = (
			);
			name = funWithStrings;
			productName = funWithStrings;
			productReference = 1E3458931E438B710061BDE6 /* funWithStrings */;
			productType = "com.apple.product-type.tool";
		};
/* End PBXNativeTarget section */

/* Begin PBXProject section */
		1E34588B1E438B700061BDE6 /* Project object */ = {
			isa = PBXProject;
			attributes = {
				LastUpgradeCheck = 0810;
				ORGANIZATIONNAME = "Adams, Kyle";
				TargetAttributes = {
					1E3458921E438B700061BDE6 = {
						CreatedOnToolsVersion = 8.1;
						ProvisioningStyle = Automatic;
					};
				};
			};
			buildConfigurationList = 1E34588E1E438B700061BDE6 /* Build configuration list for PBXProject "funWithStrings" */;
			compatibilityVersion = "Xcode 3.2";
			developmentRegion = English;
			hasScannedForEncodings = 0;
			knownRegions = (
				en,
			);
			mainGroup = 1E34588A1E438B700061BDE6;
			productRefGroup = 1E3458941E438B710061BDE6 /* Products */;
			projectDirPath = "";
			projectRoot = "";
			targets = (
				1E3458921E438B700061BDE6 /* funWithStrings */,
			);
		};
/* End PBXProject section */

/* Begin PBXSourcesBuildPhase section */
		1E34588F1E438B700061BDE6 /* Sources */ = {
			isa = PBXSourcesBuildPhase;
			buildActionMask = 2147483647;
			files = (
				1E3458A61E438C4B0061BDE6 /* StringRunner.cpp in Sources */,
				1E3458A41E438C3A0061BDE6 /* StringController.cpp in Sources */,
			);
			runOnlyForDeploymentPostprocessing = 0;
		};
/* End PBXSourcesBuildPhase section */

/* Begin XCBuildConfiguration section */
		1E3458981E438B710061BDE6 /* Debug */ = {
			isa = XCBuildConfiguration;
			buildSettings = {
				ALWAYS_SEARCH_USER_PATHS = NO;
				CLANG_ANALYZER_NONNULL = YES;
				CLANG_CXX_LANGUAGE_STANDARD = "gnu++0x";
				CLANG_CXX_LIBRARY = "libc++";
				CLANG_ENABLE_MODULES = YES;
				CLANG_ENABLE_OBJC_ARC = YES;
				CLANG_WARN_BOOL_CONVERSION = YES;
				CLANG_WARN_CONSTANT_CONVERSION = YES;
				CLANG_WARN_DIRECT_OBJC_ISA_USAGE = YES_ERROR;
				CLANG_WARN_DOCUMENTATION_COMMENTS = YES;
				CLANG_WARN_EMPTY_BODY = YES;
				CLANG_WARN_ENUM_CONVERSION = YES;
				CLANG_WARN_INFINITE_RECURSION = YES;
				CLANG_WARN_INT_CONVERSION = YES;
				CLANG_WARN_OBJC_ROOT_CLASS = YES_ERROR;
				CLANG_WARN_SUSPICIOUS_MOVES = YES;
				CLANG_WARN_UNREACHABLE_CODE = YES;
				CLANG_WARN__DUPLICATE_METHOD_MATCH = YES;
				CODE_SIGN_IDENTITY = "-";
				COPY_PHASE_STRIP = NO;
				DEBUG_INFORMATION_FORMAT = dwarf;
				ENABLE_STRICT_OBJC_MSGSEND = YES;
				ENABLE_TESTABILITY = YES;
				GCC_C_LANGUAGE_STANDARD = gnu99;
				GCC_DYNAMIC_NO_PIC = NO;
				GCC_NO_COMMON_BLOCKS = YES;
				GCC_OPTIMIZATION_LEVEL = 0;
				GCC_PREPROCESSOR_DEFINITIONS = (
					"DEBUG=1",
					"$(inherited)",
				);
				GCC_WARN_64_TO_32_BIT_CONVERSION = YES;
				GCC_WARN_ABOUT_RETURN_TYPE = YES_ERROR;
				GCC_WARN_UNDECLARED_SELECTOR = YES;
				GCC_WARN_UNINITIALIZED_AUTOS = YES_AGGRESSIVE;
				GCC_WARN_UNUSED_FUNCTION = YES;
				GCC_WARN_UNUSED_VARIABLE = YES;
				MACOSX_DEPLOYMENT_TARGET = 10.11;
				MTL_ENABLE_DEBUG_INFO = YES;
				ONLY_ACTIVE_ARCH = YES;
				SDKROOT = macosx;
			};
			name = Debug;
		};
		1E3458991E438B710061BDE6 /* Release */ = {
			isa = XCBuildConfiguration;
			buildSettings = {
				ALWAYS_SEARCH_USER_PATHS = NO;
				CLANG_ANALYZER_NONNULL = YES;
				CLANG_CXX_LANGUAGE_STANDARD = "gnu++0x";
				CLANG_CXX_LIBRARY = "libc++";
				CLANG_ENABLE_MODULES = YES;
				CLANG_ENABLE_OBJC_ARC = YES;
				CLANG_WARN_BOOL_CONVERSION = YES;
				CLANG_WARN_CONSTANT_CONVERSION = YES;
				CLANG_WARN_DIRECT_OBJC_ISA_USAGE = YES_ERROR;
				CLANG_WARN_DOCUMENTATION_COMMENTS = YES;
				CLANG_WARN_EMPTY_BODY = YES;
				CLANG_WARN_ENUM_CONVERSION = YES;
				CLANG_WARN_INFINITE_RECURSION = YES;
				CLANG_WARN_INT_CONVERSION = YES;
				CLANG_WARN_OBJC_ROOT_CLASS = YES_ERROR;
				CLANG_WARN_SUSPICIOUS_MOVES = YES;
				CLANG_WARN_UNREACHABLE_CODE = YES;
				CLANG_WARN__DUPLICATE_METHOD_MATCH = YES;
				CODE_SIGN_IDENTITY = "-";
				COPY_PHASE_STRIP = NO;
				DEBUG_INFORMATION_FORMAT = "dwarf-with-dsym";
				ENABLE_NS_ASSERTIONS = NO;
				ENABLE_STRICT_OBJC_MSGSEND = YES;
				GCC_C_LANGUAGE_STANDARD = gnu99;
				GCC_NO_COMMON_BLOCKS = YES;
				GCC_WARN_64_TO_32_BIT_CONVERSION = YES;
				GCC_WARN_ABOUT_RETURN_TYPE = YES_ERROR;
				GCC_WARN_UNDECLARED_SELECTOR = YES;
				GCC_WARN_UNINITIALIZED_AUTOS = YES_AGGRESSIVE;
				GCC_WARN_UNUSED_FUNCTION = YES;
				GCC_WARN_UNUSED_VARIABLE = YES;
				MACOSX_DEPLOYMENT_TARGET = 10.11;
				MTL_ENABLE_DEBUG_INFO = NO;
				SDKROOT = macosx;
			};
			name = Release;
		};
		1E34589B1E438B710061BDE6 /* Debug */ = {
			isa = XCBuildConfiguration;
			buildSettings = {
				PRODUCT_NAME = "$(TARGET_NAME)";
			};
			name = Debug;
		};
		1E34589C1E438B710061BDE6 /* Release */ = {
			isa = XCBuildConfiguration;
			buildSettings = {
				PRODUCT_NAME = "$(TARGET_NAME)";
			};
			name = Release;
		};
/* End XCBuildConfiguration section */

/* Begin XCConfigurationList section */
		1E34588E1E438B700061BDE6 /* Build configuration list for PBXProject "funWithStrings" */ = {
			isa = XCConfigurationList;
			buildConfigurations = (
				1E3458981E438B710061BDE6 /* Debug */,
				1E3458991E438B710061BDE6 /* Release */,
			);
			defaultConfigurationIsVisible = 0;
			defaultConfigurationName = Release;
		};
		1E34589A1E438B710061BDE6 /* Build configuration list for PBXNativeTarget "funWithStrings" */ = {
			isa = XCConfigurationList;
			buildConfigurations = (
				1E34589B1E438B710061BDE6 /* Debug */,
				1E34589C1E438B710061BDE6 /* Release */,
			);
			defaultConfigurationIsVisible = 0;
		};
/* End XCConfigurationList section */
	};
	rootObject = 1E34588B1E438B700061BDE6 /* Project object */;
}
